// !$*UTF8*$!
{
	archiveVersion = 1;
	classes = {
	};
	objectVersion = 46;
	objects = {

/* Begin PBXBuildFile section */
		50820719F8AD79B67FE1F1AC /* Pods_Test.framework in Frameworks */ = {isa = PBXBuildFile; fileRef = E2D1425C3574DF70DAF74640 /* Pods_Test.framework */; };
		840DF5B420B8502A002DCC42 /* AppDelegate.swift in Sources */ = {isa = PBXBuildFile; fileRef = 840DF5B320B8502A002DCC42 /* AppDelegate.swift */; };
		840DF5B620B8502A002DCC42 /* SignUpViewController.swift in Sources */ = {isa = PBXBuildFile; fileRef = 840DF5B520B8502A002DCC42 /* SignUpViewController.swift */; };
		840DF5B920B8502A002DCC42 /* Main.storyboard in Resources */ = {isa = PBXBuildFile; fileRef = 840DF5B720B8502A002DCC42 /* Main.storyboard */; };
		840DF5BB20B8502A002DCC42 /* Assets.xcassets in Resources */ = {isa = PBXBuildFile; fileRef = 840DF5BA20B8502A002DCC42 /* Assets.xcassets */; };
		840DF5BE20B8502A002DCC42 /* LaunchScreen.storyboard in Resources */ = {isa = PBXBuildFile; fileRef = 840DF5BC20B8502A002DCC42 /* LaunchScreen.storyboard */; };
		8448A7BD20BD5CB20001A962 /* RestorePasswordButton.swift in Sources */ = {isa = PBXBuildFile; fileRef = 8448A7BC20BD5CB20001A962 /* RestorePasswordButton.swift */; };
		844C193220BBD71A00EABAD1 /* CustomTextField.swift in Sources */ = {isa = PBXBuildFile; fileRef = 844C193120BBD71A00EABAD1 /* CustomTextField.swift */; };
		844C193420BBDAD500EABAD1 /* SFUIText-Medium.otf in Resources */ = {isa = PBXBuildFile; fileRef = 844C193320BBDAD500EABAD1 /* SFUIText-Medium.otf */; };
		844C193620BBDAF600EABAD1 /* SFUIText-Regular.otf in Resources */ = {isa = PBXBuildFile; fileRef = 844C193520BBDAF600EABAD1 /* SFUIText-Regular.otf */; };
		844C193920BBE69B00EABAD1 /* CustomButton.swift in Sources */ = {isa = PBXBuildFile; fileRef = 844C193820BBE69B00EABAD1 /* CustomButton.swift */; };
		844C193D20BBE98F00EABAD1 /* Extensions.swift in Sources */ = {isa = PBXBuildFile; fileRef = 844C193C20BBE98F00EABAD1 /* Extensions.swift */; };
		844C196120BC283700EABAD1 /* FirstScreenVC.swift in Sources */ = {isa = PBXBuildFile; fileRef = 844C196020BC283700EABAD1 /* FirstScreenVC.swift */; };
/* End PBXBuildFile section */

/* Begin PBXFileReference section */
		0954B9B7DFCAE9FD27B83BDA /* Pods-Test.release.xcconfig */ = {isa = PBXFileReference; includeInIndex = 1; lastKnownFileType = text.xcconfig; name = "Pods-Test.release.xcconfig"; path = "Pods/Target Support Files/Pods-Test/Pods-Test.release.xcconfig"; sourceTree = "<group>"; };
		7A1E0E482E47889D58019C80 /* Pods-Test.debug.xcconfig */ = {isa = PBXFileReference; includeInIndex = 1; lastKnownFileType = text.xcconfig; name = "Pods-Test.debug.xcconfig"; path = "Pods/Target Support Files/Pods-Test/Pods-Test.debug.xcconfig"; sourceTree = "<group>"; };
		840DF5B020B8502A002DCC42 /* Test.app */ = {isa = PBXFileReference; explicitFileType = wrapper.application; includeInIndex = 0; path = Test.app; sourceTree = BUILT_PRODUCTS_DIR; };
		840DF5B320B8502A002DCC42 /* AppDelegate.swift */ = {isa = PBXFileReference; lastKnownFileType = sourcecode.swift; path = AppDelegate.swift; sourceTree = "<group>"; };
		840DF5B520B8502A002DCC42 /* SignUpViewController.swift */ = {isa = PBXFileReference; lastKnownFileType = sourcecode.swift; path = SignUpViewController.swift; sourceTree = "<group>"; };
		840DF5B820B8502A002DCC42 /* Base */ = {isa = PBXFileReference; lastKnownFileType = file.storyboard; name = Base; path = Base.lproj/Main.storyboard; sourceTree = "<group>"; };
		840DF5BA20B8502A002DCC42 /* Assets.xcassets */ = {isa = PBXFileReference; lastKnownFileType = folder.assetcatalog; path = Assets.xcassets; sourceTree = "<group>"; };
		840DF5BD20B8502A002DCC42 /* Base */ = {isa = PBXFileReference; lastKnownFileType = file.storyboard; name = Base; path = Base.lproj/LaunchScreen.storyboard; sourceTree = "<group>"; };
		840DF5BF20B8502A002DCC42 /* Info.plist */ = {isa = PBXFileReference; lastKnownFileType = text.plist.xml; path = Info.plist; sourceTree = "<group>"; };
		8448A7BC20BD5CB20001A962 /* RestorePasswordButton.swift */ = {isa = PBXFileReference; fileEncoding = 4; lastKnownFileType = sourcecode.swift; path = RestorePasswordButton.swift; sourceTree = "<group>"; };
		844C193120BBD71A00EABAD1 /* CustomTextField.swift */ = {isa = PBXFileReference; fileEncoding = 4; lastKnownFileType = sourcecode.swift; path = CustomTextField.swift; sourceTree = "<group>"; };
		844C193320BBDAD500EABAD1 /* SFUIText-Medium.otf */ = {isa = PBXFileReference; lastKnownFileType = file; path = "SFUIText-Medium.otf"; sourceTree = "<group>"; };
		844C193520BBDAF600EABAD1 /* SFUIText-Regular.otf */ = {isa = PBXFileReference; lastKnownFileType = file; path = "SFUIText-Regular.otf"; sourceTree = "<group>"; };
		844C193820BBE69B00EABAD1 /* CustomButton.swift */ = {isa = PBXFileReference; fileEncoding = 4; lastKnownFileType = sourcecode.swift; path = CustomButton.swift; sourceTree = "<group>"; };
		844C193C20BBE98F00EABAD1 /* Extensions.swift */ = {isa = PBXFileReference; fileEncoding = 4; lastKnownFileType = sourcecode.swift; path = Extensions.swift; sourceTree = "<group>"; };
		844C196020BC283700EABAD1 /* FirstScreenVC.swift */ = {isa = PBXFileReference; fileEncoding = 4; lastKnownFileType = sourcecode.swift; path = FirstScreenVC.swift; sourceTree = "<group>"; };
		E2D1425C3574DF70DAF74640 /* Pods_Test.framework */ = {isa = PBXFileReference; explicitFileType = wrapper.framework; includeInIndex = 0; path = Pods_Test.framework; sourceTree = BUILT_PRODUCTS_DIR; };
/* End PBXFileReference section */

/* Begin PBXFrameworksBuildPhase section */
		840DF5AD20B8502A002DCC42 /* Frameworks */ = {
			isa = PBXFrameworksBuildPhase;
			buildActionMask = 2147483647;
			files = (
				50820719F8AD79B67FE1F1AC /* Pods_Test.framework in Frameworks */,
			);
			runOnlyForDeploymentPostprocessing = 0;
		};
/* End PBXFrameworksBuildPhase section */

/* Begin PBXGroup section */
		720542944C621A5071C1B0E8 /* Pods */ = {
			isa = PBXGroup;
			children = (
				7A1E0E482E47889D58019C80 /* Pods-Test.debug.xcconfig */,
				0954B9B7DFCAE9FD27B83BDA /* Pods-Test.release.xcconfig */,
			);
			name = Pods;
			sourceTree = "<group>";
		};
		7AA188054D22355803F249B8 /* Frameworks */ = {
			isa = PBXGroup;
			children = (
				E2D1425C3574DF70DAF74640 /* Pods_Test.framework */,
			);
			name = Frameworks;
			sourceTree = "<group>";
		};
		840DF5A720B8502A002DCC42 = {
			isa = PBXGroup;
			children = (
				840DF5B220B8502A002DCC42 /* Test */,
				840DF5B120B8502A002DCC42 /* Products */,
				720542944C621A5071C1B0E8 /* Pods */,
				7AA188054D22355803F249B8 /* Frameworks */,
			);
			sourceTree = "<group>";
		};
		840DF5B120B8502A002DCC42 /* Products */ = {
			isa = PBXGroup;
			children = (
				840DF5B020B8502A002DCC42 /* Test.app */,
			);
			name = Products;
			sourceTree = "<group>";
		};
		840DF5B220B8502A002DCC42 /* Test */ = {
			isa = PBXGroup;
			children = (
				844C196020BC283700EABAD1 /* FirstScreenVC.swift */,
				840DF5B520B8502A002DCC42 /* SignUpViewController.swift */,
				840DF5B320B8502A002DCC42 /* AppDelegate.swift */,
				8448A7BE20BD65E50001A962 /* Custom UIComponents */,
				840DF5B720B8502A002DCC42 /* Main.storyboard */,
				844C193C20BBE98F00EABAD1 /* Extensions.swift */,
				844C193720BBDB0300EABAD1 /* Fonts */,
				840DF5BA20B8502A002DCC42 /* Assets.xcassets */,
				840DF5BC20B8502A002DCC42 /* LaunchScreen.storyboard */,
				840DF5BF20B8502A002DCC42 /* Info.plist */,
			);
			path = Test;
			sourceTree = "<group>";
		};
		8448A7BE20BD65E50001A962 /* Custom UIComponents */ = {
			isa = PBXGroup;
			children = (
				8448A7BC20BD5CB20001A962 /* RestorePasswordButton.swift */,
				844C193820BBE69B00EABAD1 /* CustomButton.swift */,
				844C193120BBD71A00EABAD1 /* CustomTextField.swift */,
			);
			name = "Custom UIComponents";
			sourceTree = "<group>";
		};
		844C193720BBDB0300EABAD1 /* Fonts */ = {
			isa = PBXGroup;
			children = (
				844C193520BBDAF600EABAD1 /* SFUIText-Regular.otf */,
				844C193320BBDAD500EABAD1 /* SFUIText-Medium.otf */,
			);
			name = Fonts;
			sourceTree = "<group>";
		};
/* End PBXGroup section */

/* Begin PBXNativeTarget section */
		840DF5AF20B8502A002DCC42 /* Test */ = {
			isa = PBXNativeTarget;
			buildConfigurationList = 840DF5C220B8502A002DCC42 /* Build configuration list for PBXNativeTarget "Test" */;
			buildPhases = (
				148ED0DBE5CA0924A702485D /* [CP] Check Pods Manifest.lock */,
				840DF5AC20B8502A002DCC42 /* Sources */,
				840DF5AD20B8502A002DCC42 /* Frameworks */,
				840DF5AE20B8502A002DCC42 /* Resources */,
				CF7FD74BACC19AB77370D7EE /* [CP] Embed Pods Frameworks */,
			);
			buildRules = (
			);
			dependencies = (
			);
			name = Test;
			productName = Test;
			productReference = 840DF5B020B8502A002DCC42 /* Test.app */;
			productType = "com.apple.product-type.application";
		};
/* End PBXNativeTarget section */

/* Begin PBXProject section */
		840DF5A820B8502A002DCC42 /* Project object */ = {
			isa = PBXProject;
			attributes = {
				LastSwiftUpdateCheck = 0820;
				LastUpgradeCheck = 0820;
				ORGANIZATIONNAME = Admin;
				TargetAttributes = {
					840DF5AF20B8502A002DCC42 = {
						CreatedOnToolsVersion = 8.2.1;
						ProvisioningStyle = Automatic;
					};
				};
			};
			buildConfigurationList = 840DF5AB20B8502A002DCC42 /* Build configuration list for PBXProject "Test" */;
			compatibilityVersion = "Xcode 3.2";
			developmentRegion = English;
			hasScannedForEncodings = 0;
			knownRegions = (
				en,
				Base,
			);
			mainGroup = 840DF5A720B8502A002DCC42;
			productRefGroup = 840DF5B120B8502A002DCC42 /* Products */;
			projectDirPath = "";
			projectRoot = "";
			targets = (
				840DF5AF20B8502A002DCC42 /* Test */,
			);
		};
/* End PBXProject section */

/* Begin PBXResourcesBuildPhase section */
		840DF5AE20B8502A002DCC42 /* Resources */ = {
			isa = PBXResourcesBuildPhase;
			buildActionMask = 2147483647;
			files = (
				844C193420BBDAD500EABAD1 /* SFUIText-Medium.otf in Resources */,
				844C193620BBDAF600EABAD1 /* SFUIText-Regular.otf in Resources */,
				840DF5BE20B8502A002DCC42 /* LaunchScreen.storyboard in Resources */,
				840DF5BB20B8502A002DCC42 /* Assets.xcassets in Resources */,
				840DF5B920B8502A002DCC42 /* Main.storyboard in Resources */,
			);
			runOnlyForDeploymentPostprocessing = 0;
		};
/* End PBXResourcesBuildPhase section */

/* Begin PBXShellScriptBuildPhase section */
		148ED0DBE5CA0924A702485D /* [CP] Check Pods Manifest.lock */ = {
			isa = PBXShellScriptBuildPhase;
			buildActionMask = 2147483647;
			files = (
			);
			inputPaths = (
				"${PODS_PODFILE_DIR_PATH}/Podfile.lock",
				"${PODS_ROOT}/Manifest.lock",
			);
			name = "[CP] Check Pods Manifest.lock";
			outputPaths = (
				"$(DERIVED_FILE_DIR)/Pods-Test-checkManifestLockResult.txt",
			);
			runOnlyForDeploymentPostprocessing = 0;
			shellPath = /bin/sh;
			shellScript = "diff \"${PODS_PODFILE_DIR_PATH}/Podfile.lock\" \"${PODS_ROOT}/Manifest.lock\" > /dev/null\nif [ $? != 0 ] ; then\n    # print error to STDERR\n    echo \"error: The sandbox is not in sync with the Podfile.lock. Run 'pod install' or update your CocoaPods installation.\" >&2\n    exit 1\nfi\n# This output is used by Xcode 'outputs' to avoid re-running this script phase.\necho \"SUCCESS\" > \"${SCRIPT_OUTPUT_FILE_0}\"\n";
			showEnvVarsInLog = 0;
		};
		CF7FD74BACC19AB77370D7EE /* [CP] Embed Pods Frameworks */ = {
			isa = PBXShellScriptBuildPhase;
			buildActionMask = 2147483647;
			files = (
			);
			inputPaths = (
				"${SRCROOT}/Pods/Target Support Files/Pods-Test/Pods-Test-frameworks.sh",
				"${BUILT_PRODUCTS_DIR}/Alamofire/Alamofire.framework",
			);
			name = "[CP] Embed Pods Frameworks";
			outputPaths = (
				"${TARGET_BUILD_DIR}/${FRAMEWORKS_FOLDER_PATH}/Alamofire.framework",
			);
			runOnlyForDeploymentPostprocessing = 0;
			shellPath = /bin/sh;
			shellScript = "\"${SRCROOT}/Pods/Target Support Files/Pods-Test/Pods-Test-frameworks.sh\"\n";
			showEnvVarsInLog = 0;
		};
/* End PBXShellScriptBuildPhase section */

/* Begin PBXSourcesBuildPhase section */
		840DF5AC20B8502A002DCC42 /* Sources */ = {
			isa = PBXSourcesBuildPhase;
			buildActionMask = 2147483647;
			files = (
				844C193D20BBE98F00EABAD1 /* Extensions.swift in Sources */,
				844C193920BBE69B00EABAD1 /* CustomButton.swift in Sources */,
				840DF5B620B8502A002DCC42 /* SignUpViewController.swift in Sources */,
				840DF5B420B8502A002DCC42 /* AppDelegate.swift in Sources */,
				8448A7BD20BD5CB20001A962 /* RestorePasswordButton.swift in Sources */,
				844C193220BBD71A00EABAD1 /* CustomTextField.swift in Sources */,
				844C196120BC283700EABAD1 /* FirstScreenVC.swift in Sources */,
			);
			runOnlyForDeploymentPostprocessing = 0;
		};
/* End PBXSourcesBuildPhase section */

/* Begin PBXVariantGroup section */
		840DF5B720B8502A002DCC42 /* Main.storyboard */ = {
			isa = PBXVariantGroup;
			children = (
				840DF5B820B8502A002DCC42 /* Base */,
			);
			name = Main.storyboard;
			sourceTree = "<group>";
		};
		840DF5BC20B8502A002DCC42 /* LaunchScreen.storyboard */ = {
			isa = PBXVariantGroup;
			children = (
				840DF5BD20B8502A002DCC42 /* Base */,
			);
			name = LaunchScreen.storyboard;
			sourceTree = "<group>";
		};
/* End PBXVariantGroup section */

/* Begin XCBuildConfiguration section */
		840DF5C020B8502A002DCC42 /* Debug */ = {
			isa = XCBuildConfiguration;
			buildSettings = {
				ALWAYS_SEARCH_USER_PATHS = NO;
				CLANG_ANALYZER_NONNULL = YES;
				CLANG_CXX_LANGUAGE_STANDARD = "gnu++0x";
				CLANG_CXX_LIBRARY = "libc++";
				CLANG_ENABLE_MODULES = YES;
				CLANG_ENABLE_OBJC_ARC = YES;
				CLANG_WARN_BOOL_CONVERSION = YES;
				CLANG_WARN_CONSTANT_CONVERSION = YES;
				CLANG_WARN_DIRECT_OBJC_ISA_USAGE = YES_ERROR;
				CLANG_WARN_DOCUMENTATION_COMMENTS = YES;
				CLANG_WARN_EMPTY_BODY = YES;
				CLANG_WARN_ENUM_CONVERSION = YES;
				CLANG_WARN_INFINITE_RECURSION = YES;
				CLANG_WARN_INT_CONVERSION = YES;
				CLANG_WARN_OBJC_ROOT_CLASS = YES_ERROR;
				CLANG_WARN_SUSPICIOUS_MOVE = YES;
				CLANG_WARN_UNREACHABLE_CODE = YES;
				CLANG_WARN__DUPLICATE_METHOD_MATCH = YES;
				"CODE_SIGN_IDENTITY[sdk=iphoneos*]" = "iPhone Developer";
				COPY_PHASE_STRIP = NO;
				DEBUG_INFORMATION_FORMAT = dwarf;
				ENABLE_STRICT_OBJC_MSGSEND = YES;
				ENABLE_TESTABILITY = YES;
				GCC_C_LANGUAGE_STANDARD = gnu99;
				GCC_DYNAMIC_NO_PIC = NO;
				GCC_NO_COMMON_BLOCKS = YES;
				GCC_OPTIMIZATION_LEVEL = 0;
				GCC_PREPROCESSOR_DEFINITIONS = (
					"DEBUG=1",
					"$(inherited)",
				);
				GCC_WARN_64_TO_32_BIT_CONVERSION = YES;
				GCC_WARN_ABOUT_RETURN_TYPE = YES_ERROR;
				GCC_WARN_UNDECLARED_SELECTOR = YES;
				GCC_WARN_UNINITIALIZED_AUTOS = YES_AGGRESSIVE;
				GCC_WARN_UNUSED_FUNCTION = YES;
				GCC_WARN_UNUSED_VARIABLE = YES;
				IPHONEOS_DEPLOYMENT_TARGET = 10.2;
				MTL_ENABLE_DEBUG_INFO = YES;
				ONLY_ACTIVE_ARCH = YES;
				SDKROOT = iphoneos;
				SWIFT_ACTIVE_COMPILATION_CONDITIONS = DEBUG;
				SWIFT_OPTIMIZATION_LEVEL = "-Onone";
				TARGETED_DEVICE_FAMILY = "1,2";
			};
			name = Debug;
		};
		840DF5C120B8502A002DCC42 /* Release */ = {
			isa = XCBuildConfiguration;
			buildSettings = {
				ALWAYS_SEARCH_USER_PATHS = NO;
				CLANG_ANALYZER_NONNULL = YES;
				CLANG_CXX_LANGUAGE_STANDARD = "gnu++0x";
				CLANG_CXX_LIBRARY = "libc++";
				CLANG_ENABLE_MODULES = YES;
				CLANG_ENABLE_OBJC_ARC = YES;
				CLANG_WARN_BOOL_CONVERSION = YES;
				CLANG_WARN_CONSTANT_CONVERSION = YES;
				CLANG_WARN_DIRECT_OBJC_ISA_USAGE = YES_ERROR;
				CLANG_WARN_DOCUMENTATION_COMMENTS = YES;
				CLANG_WARN_EMPTY_BODY = YES;
				CLANG_WARN_ENUM_CONVERSION = YES;
				CLANG_WARN_INFINITE_RECURSION = YES;
				CLANG_WARN_INT_CONVERSION = YES;
				CLANG_WARN_OBJC_ROOT_CLASS = YES_ERROR;
				CLANG_WARN_SUSPICIOUS_MOVE = YES;
				CLANG_WARN_UNREACHABLE_CODE = YES;
				CLANG_WARN__DUPLICATE_METHOD_MATCH = YES;
				"CODE_SIGN_IDENTITY[sdk=iphoneos*]" = "iPhone Developer";
				COPY_PHASE_STRIP = NO;
				DEBUG_INFORMATION_FORMAT = "dwarf-with-dsym";
				ENABLE_NS_ASSERTIONS = NO;
				ENABLE_STRICT_OBJC_MSGSEND = YES;
				GCC_C_LANGUAGE_STANDARD = gnu99;
				GCC_NO_COMMON_BLOCKS = YES;
				GCC_WARN_64_TO_32_BIT_CONVERSION = YES;
				GCC_WARN_ABOUT_RETURN_TYPE = YES_ERROR;
				GCC_WARN_UNDECLARED_SELECTOR = YES;
				GCC_WARN_UNINITIALIZED_AUTOS = YES_AGGRESSIVE;
				GCC_WARN_UNUSED_FUNCTION = YES;
				GCC_WARN_UNUSED_VARIABLE = YES;
				IPHONEOS_DEPLOYMENT_TARGET = 10.2;
				MTL_ENABLE_DEBUG_INFO = NO;
				SDKROOT = iphoneos;
				SWIFT_OPTIMIZATION_LEVEL = "-Owholemodule";
				TARGETED_DEVICE_FAMILY = "1,2";
				VALIDATE_PRODUCT = YES;
			};
			name = Release;
		};
		840DF5C320B8502A002DCC42 /* Debug */ = {
			isa = XCBuildConfiguration;
			baseConfigurationReference = 7A1E0E482E47889D58019C80 /* Pods-Test.debug.xcconfig */;
			buildSettings = {
				ASSETCATALOG_COMPILER_APPICON_NAME = AppIcon;
				INFOPLIST_FILE = Test/Info.plist;
				IPHONEOS_DEPLOYMENT_TARGET = 10.0;
				LD_RUNPATH_SEARCH_PATHS = "$(inherited) @executable_path/Frameworks";
				PRODUCT_BUNDLE_IDENTIFIER = ru.Admin.Test;
				PRODUCT_NAME = "$(TARGET_NAME)";
				SWIFT_VERSION = 3.0;
			};
			name = Debug;
		};
		840DF5C420B8502A002DCC42 /* Release */ = {
			isa = XCBuildConfiguration;
			baseConfigurationReference = 0954B9B7DFCAE9FD27B83BDA /* Pods-Test.release.xcconfig */;
			buildSettings = {
				ASSETCATALOG_COMPILER_APPICON_NAME = AppIcon;
				INFOPLIST_FILE = Test/Info.plist;
				IPHONEOS_DEPLOYMENT_TARGET = 10.0;
				LD_RUNPATH_SEARCH_PATHS = "$(inherited) @executable_path/Frameworks";
				PRODUCT_BUNDLE_IDENTIFIER = ru.Admin.Test;
				PRODUCT_NAME = "$(TARGET_NAME)";
				SWIFT_VERSION = 3.0;
			};
			name = Release;
		};
/* End XCBuildConfiguration section */

/* Begin XCConfigurationList section */
		840DF5AB20B8502A002DCC42 /* Build configuration list for PBXProject "Test" */ = {
			isa = XCConfigurationList;
			buildConfigurations = (
				840DF5C020B8502A002DCC42 /* Debug */,
				840DF5C120B8502A002DCC42 /* Release */,
			);
			defaultConfigurationIsVisible = 0;
			defaultConfigurationName = Release;
		};
		840DF5C220B8502A002DCC42 /* Build configuration list for PBXNativeTarget "Test" */ = {
			isa = XCConfigurationList;
			buildConfigurations = (
				840DF5C320B8502A002DCC42 /* Debug */,
				840DF5C420B8502A002DCC42 /* Release */,
			);
			defaultConfigurationIsVisible = 0;
			defaultConfigurationName = Release;
		};
/* End XCConfigurationList section */
	};
	rootObject = 840DF5A820B8502A002DCC42 /* Project object */;
}
